PODS:
  - Alamofire (4.8.2)
  - CodableFirebase (0.2.1)
  - SnapKit (5.0.0)

DEPENDENCIES:
  - Alamofire (~> 4.8.1)
  - CodableFirebase
  - SnapKit (~> 5.0.0)

SPEC REPOS:
  https://github.com/cocoapods/specs.git:
    - Alamofire
    - CodableFirebase
    - SnapKit

SPEC CHECKSUMS:
  Alamofire: ae5c501addb7afdbb13687d7f2f722c78734c2d3
  CodableFirebase: 0bf201991eeec35eb9fcd987d271ea463cf34a80
  SnapKit: fd22d10eb9aff484d79a8724eab922c1ddf89bcf

PODFILE CHECKSUM: ba9483840eda7c1b84d6c69f725d1329dfb03312

COCOAPODS: 1.7.0
