// !$*UTF8*$!
{
	archiveVersion = 1;
	classes = {
	};
	objectVersion = 51;
	objects = {

/* Begin PBXBuildFile section */
		017AB28F229D03E400665B1A /* Block.swift in Sources */ = {isa = PBXBuildFile; fileRef = 017AB28E229D03E400665B1A /* Block.swift */; };
		017AB291229D045600665B1A /* Transaction.swift in Sources */ = {isa = PBXBuildFile; fileRef = 017AB290229D045600665B1A /* Transaction.swift */; };
		017AB293229D04F500665B1A /* APIUtils.swift in Sources */ = {isa = PBXBuildFile; fileRef = 017AB292229D04F500665B1A /* APIUtils.swift */; };
		017AB295229D0AFD00665B1A /* Blockchain.swift in Sources */ = {isa = PBXBuildFile; fileRef = 017AB294229D0AFD00665B1A /* Blockchain.swift */; };
		017AB297229D0B5600665B1A /* BlockchainNode.swift in Sources */ = {isa = PBXBuildFile; fileRef = 017AB296229D0B5500665B1A /* BlockchainNode.swift */; };
		2F90A82E20F8B1C10F8ED0DE /* Pods_blogchain.framework in Frameworks */ = {isa = PBXBuildFile; fileRef = 43EA1F588B7D6A3A1E6894A6 /* Pods_blogchain.framework */; };
		9A2407FE229B74EF00EBAA3E /* keyChainExtension.swift in Sources */ = {isa = PBXBuildFile; fileRef = 9A2407FD229B74EF00EBAA3E /* keyChainExtension.swift */; };
		9A3801B8229D22D7004D40AC /* hashExtension.swift in Sources */ = {isa = PBXBuildFile; fileRef = 9A3801B7229D22D7004D40AC /* hashExtension.swift */; };
		9A3801BA229F8C4C004D40AC /* pinComponent.swift in Sources */ = {isa = PBXBuildFile; fileRef = 9A3801B9229F8C4C004D40AC /* pinComponent.swift */; };
		9A3801BC229FD046004D40AC /* privateKeyComponent.swift in Sources */ = {isa = PBXBuildFile; fileRef = 9A3801BB229FD046004D40AC /* privateKeyComponent.swift */; };
		9A6246922293C59F001A7A78 /* NoteRootTableViewCell.swift in Sources */ = {isa = PBXBuildFile; fileRef = 9A6246912293C59F001A7A78 /* NoteRootTableViewCell.swift */; };
		9A673D8F22A3DF6E00BFB5B2 /* keyBoardComponent.swift in Sources */ = {isa = PBXBuildFile; fileRef = 9A673D8E22A3DF6E00BFB5B2 /* keyBoardComponent.swift */; };
		9A673D9122A3EDC000BFB5B2 /* passwordComponent.swift in Sources */ = {isa = PBXBuildFile; fileRef = 9A673D9022A3EDC000BFB5B2 /* passwordComponent.swift */; };
		9AC477B52292AD7F009B49FB /* NoteRootViewController.swift in Sources */ = {isa = PBXBuildFile; fileRef = 9AC477B42292AD7F009B49FB /* NoteRootViewController.swift */; };
		9AC477B72292ADD4009B49FB /* ChainRootViewController.swift in Sources */ = {isa = PBXBuildFile; fileRef = 9AC477B62292ADD4009B49FB /* ChainRootViewController.swift */; };
		9AC477BC2292B1F7009B49FB /* UserLoginViewController.swift in Sources */ = {isa = PBXBuildFile; fileRef = 9AC477BB2292B1F7009B49FB /* UserLoginViewController.swift */; };
		9AC477BE2292B249009B49FB /* UserInitialViewController.swift in Sources */ = {isa = PBXBuildFile; fileRef = 9AC477BD2292B249009B49FB /* UserInitialViewController.swift */; };
		9AC477C12292B30D009B49FB /* NewNoteViewController.swift in Sources */ = {isa = PBXBuildFile; fileRef = 9AC477C02292B30D009B49FB /* NewNoteViewController.swift */; };
		9AC477C42292C4BC009B49FB /* TextFileEditor.swift in Sources */ = {isa = PBXBuildFile; fileRef = 9AC477C32292C4BC009B49FB /* TextFileEditor.swift */; };
		9AC644CE2293B2AF00112225 /* Config.swift in Sources */ = {isa = PBXBuildFile; fileRef = 9AC644CD2293B2AF00112225 /* Config.swift */; };
		9AC644D12293B3E900112225 /* DataController.swift in Sources */ = {isa = PBXBuildFile; fileRef = 9AC644D02293B3E900112225 /* DataController.swift */; };
		9ADE2E30228F8EE60016291B /* AppDelegate.swift in Sources */ = {isa = PBXBuildFile; fileRef = 9ADE2E2F228F8EE60016291B /* AppDelegate.swift */; };
		9ADE2E32228F8EE60016291B /* UserRootViewController.swift in Sources */ = {isa = PBXBuildFile; fileRef = 9ADE2E31228F8EE60016291B /* UserRootViewController.swift */; };
		9ADE2E35228F8EE60016291B /* Main.storyboard in Resources */ = {isa = PBXBuildFile; fileRef = 9ADE2E33228F8EE60016291B /* Main.storyboard */; };
		9ADE2E38228F8EE60016291B /* blogchain.xcdatamodeld in Sources */ = {isa = PBXBuildFile; fileRef = 9ADE2E36228F8EE60016291B /* blogchain.xcdatamodeld */; };
		9ADE2E3A228F8EE70016291B /* Assets.xcassets in Resources */ = {isa = PBXBuildFile; fileRef = 9ADE2E39228F8EE70016291B /* Assets.xcassets */; };
		9ADE2E3D228F8EE70016291B /* LaunchScreen.storyboard in Resources */ = {isa = PBXBuildFile; fileRef = 9ADE2E3B228F8EE70016291B /* LaunchScreen.storyboard */; };
		9AEBC58722940036000BF266 /* NoteDetailedViewController.swift in Sources */ = {isa = PBXBuildFile; fileRef = 9AEBC58622940036000BF266 /* NoteDetailedViewController.swift */; };
/* End PBXBuildFile section */

/* Begin PBXFileReference section */
		017AB28E229D03E400665B1A /* Block.swift */ = {isa = PBXFileReference; lastKnownFileType = sourcecode.swift; path = Block.swift; sourceTree = "<group>"; };
		017AB290229D045600665B1A /* Transaction.swift */ = {isa = PBXFileReference; lastKnownFileType = sourcecode.swift; path = Transaction.swift; sourceTree = "<group>"; };
		017AB292229D04F500665B1A /* APIUtils.swift */ = {isa = PBXFileReference; lastKnownFileType = sourcecode.swift; path = APIUtils.swift; sourceTree = "<group>"; };
		017AB294229D0AFD00665B1A /* Blockchain.swift */ = {isa = PBXFileReference; lastKnownFileType = sourcecode.swift; path = Blockchain.swift; sourceTree = "<group>"; };
		017AB296229D0B5500665B1A /* BlockchainNode.swift */ = {isa = PBXFileReference; lastKnownFileType = sourcecode.swift; path = BlockchainNode.swift; sourceTree = "<group>"; };
		43EA1F588B7D6A3A1E6894A6 /* Pods_blogchain.framework */ = {isa = PBXFileReference; explicitFileType = wrapper.framework; includeInIndex = 0; path = Pods_blogchain.framework; sourceTree = BUILT_PRODUCTS_DIR; };
		7B871237B0E2D6FA285A442D /* Pods-blogchain.debug.xcconfig */ = {isa = PBXFileReference; includeInIndex = 1; lastKnownFileType = text.xcconfig; name = "Pods-blogchain.debug.xcconfig"; path = "Target Support Files/Pods-blogchain/Pods-blogchain.debug.xcconfig"; sourceTree = "<group>"; };
		9A2407FD229B74EF00EBAA3E /* keyChainExtension.swift */ = {isa = PBXFileReference; lastKnownFileType = sourcecode.swift; path = keyChainExtension.swift; sourceTree = "<group>"; };
		9A3801B7229D22D7004D40AC /* hashExtension.swift */ = {isa = PBXFileReference; lastKnownFileType = sourcecode.swift; path = hashExtension.swift; sourceTree = "<group>"; };
		9A3801B9229F8C4C004D40AC /* pinComponent.swift */ = {isa = PBXFileReference; lastKnownFileType = sourcecode.swift; path = pinComponent.swift; sourceTree = "<group>"; };
		9A3801BB229FD046004D40AC /* privateKeyComponent.swift */ = {isa = PBXFileReference; lastKnownFileType = sourcecode.swift; path = privateKeyComponent.swift; sourceTree = "<group>"; };
		9A6246912293C59F001A7A78 /* NoteRootTableViewCell.swift */ = {isa = PBXFileReference; lastKnownFileType = sourcecode.swift; path = NoteRootTableViewCell.swift; sourceTree = "<group>"; };
		9A673D8E22A3DF6E00BFB5B2 /* keyBoardComponent.swift */ = {isa = PBXFileReference; lastKnownFileType = sourcecode.swift; path = keyBoardComponent.swift; sourceTree = "<group>"; };
		9A673D9022A3EDC000BFB5B2 /* passwordComponent.swift */ = {isa = PBXFileReference; lastKnownFileType = sourcecode.swift; path = passwordComponent.swift; sourceTree = "<group>"; };
		9AC477B42292AD7F009B49FB /* NoteRootViewController.swift */ = {isa = PBXFileReference; lastKnownFileType = sourcecode.swift; path = NoteRootViewController.swift; sourceTree = "<group>"; };
		9AC477B62292ADD4009B49FB /* ChainRootViewController.swift */ = {isa = PBXFileReference; lastKnownFileType = sourcecode.swift; path = ChainRootViewController.swift; sourceTree = "<group>"; };
		9AC477BB2292B1F7009B49FB /* UserLoginViewController.swift */ = {isa = PBXFileReference; lastKnownFileType = sourcecode.swift; path = UserLoginViewController.swift; sourceTree = "<group>"; };
		9AC477BD2292B249009B49FB /* UserInitialViewController.swift */ = {isa = PBXFileReference; lastKnownFileType = sourcecode.swift; path = UserInitialViewController.swift; sourceTree = "<group>"; };
		9AC477C02292B30D009B49FB /* NewNoteViewController.swift */ = {isa = PBXFileReference; lastKnownFileType = sourcecode.swift; path = NewNoteViewController.swift; sourceTree = "<group>"; };
		9AC477C32292C4BC009B49FB /* TextFileEditor.swift */ = {isa = PBXFileReference; lastKnownFileType = sourcecode.swift; path = TextFileEditor.swift; sourceTree = "<group>"; };
		9AC644CD2293B2AF00112225 /* Config.swift */ = {isa = PBXFileReference; lastKnownFileType = sourcecode.swift; path = Config.swift; sourceTree = "<group>"; };
		9AC644D02293B3E900112225 /* DataController.swift */ = {isa = PBXFileReference; lastKnownFileType = sourcecode.swift; path = DataController.swift; sourceTree = "<group>"; };
		9ADE2E2C228F8EE60016291B /* blogchain.app */ = {isa = PBXFileReference; explicitFileType = wrapper.application; includeInIndex = 0; path = blogchain.app; sourceTree = BUILT_PRODUCTS_DIR; };
		9ADE2E2F228F8EE60016291B /* AppDelegate.swift */ = {isa = PBXFileReference; lastKnownFileType = sourcecode.swift; path = AppDelegate.swift; sourceTree = "<group>"; };
		9ADE2E31228F8EE60016291B /* UserRootViewController.swift */ = {isa = PBXFileReference; lastKnownFileType = sourcecode.swift; path = UserRootViewController.swift; sourceTree = "<group>"; };
		9ADE2E34228F8EE60016291B /* Base */ = {isa = PBXFileReference; lastKnownFileType = file.storyboard; name = Base; path = Base.lproj/Main.storyboard; sourceTree = "<group>"; };
		9ADE2E37228F8EE60016291B /* blogchain.xcdatamodel */ = {isa = PBXFileReference; lastKnownFileType = wrapper.xcdatamodel; path = blogchain.xcdatamodel; sourceTree = "<group>"; };
		9ADE2E39228F8EE70016291B /* Assets.xcassets */ = {isa = PBXFileReference; lastKnownFileType = folder.assetcatalog; path = Assets.xcassets; sourceTree = "<group>"; };
		9ADE2E3C228F8EE70016291B /* Base */ = {isa = PBXFileReference; lastKnownFileType = file.storyboard; name = Base; path = Base.lproj/LaunchScreen.storyboard; sourceTree = "<group>"; };
		9ADE2E3E228F8EE70016291B /* Info.plist */ = {isa = PBXFileReference; lastKnownFileType = text.plist.xml; path = Info.plist; sourceTree = "<group>"; };
		9AEBC58622940036000BF266 /* NoteDetailedViewController.swift */ = {isa = PBXFileReference; lastKnownFileType = sourcecode.swift; path = NoteDetailedViewController.swift; sourceTree = "<group>"; };
		C1DC367B356BB217F20D96B0 /* Pods-blogchain.release.xcconfig */ = {isa = PBXFileReference; includeInIndex = 1; lastKnownFileType = text.xcconfig; name = "Pods-blogchain.release.xcconfig"; path = "Target Support Files/Pods-blogchain/Pods-blogchain.release.xcconfig"; sourceTree = "<group>"; };
/* End PBXFileReference section */

/* Begin PBXFrameworksBuildPhase section */
		9ADE2E29228F8EE60016291B /* Frameworks */ = {
			isa = PBXFrameworksBuildPhase;
			buildActionMask = 2147483647;
			files = (
				2F90A82E20F8B1C10F8ED0DE /* Pods_blogchain.framework in Frameworks */,
			);
			runOnlyForDeploymentPostprocessing = 0;
		};
/* End PBXFrameworksBuildPhase section */

/* Begin PBXGroup section */
		017AB28D229D03A600665B1A /* Models */ = {
			isa = PBXGroup;
			children = (
				017AB28E229D03E400665B1A /* Block.swift */,
				017AB290229D045600665B1A /* Transaction.swift */,
				017AB294229D0AFD00665B1A /* Blockchain.swift */,
				017AB296229D0B5500665B1A /* BlockchainNode.swift */,
			);
			path = Models;
			sourceTree = "<group>";
		};
		59FB1C4C78ED7BA6AEB0ECB5 /* Frameworks */ = {
			isa = PBXGroup;
			children = (
				43EA1F588B7D6A3A1E6894A6 /* Pods_blogchain.framework */,
			);
			name = Frameworks;
			sourceTree = "<group>";
		};
		9AC477B12292AA9D009B49FB /* UserComponent */ = {
			isa = PBXGroup;
			children = (
				9AC477B82292B10C009B49FB /* LoginManagement */,
				9ADE2E31228F8EE60016291B /* UserRootViewController.swift */,
				9A2407FD229B74EF00EBAA3E /* keyChainExtension.swift */,
				9A3801B7229D22D7004D40AC /* hashExtension.swift */,
			);
			path = UserComponent;
			sourceTree = "<group>";
		};
		9AC477B22292AAC1009B49FB /* NoteComponent */ = {
			isa = PBXGroup;
			children = (
				9AC477B42292AD7F009B49FB /* NoteRootViewController.swift */,
				9A6246912293C59F001A7A78 /* NoteRootTableViewCell.swift */,
				9AEBC58622940036000BF266 /* NoteDetailedViewController.swift */,
			);
			path = NoteComponent;
			sourceTree = "<group>";
		};
		9AC477B32292AAD6009B49FB /* ChainComponent */ = {
			isa = PBXGroup;
			children = (
				9AC477B62292ADD4009B49FB /* ChainRootViewController.swift */,
			);
			path = ChainComponent;
			sourceTree = "<group>";
		};
		9AC477B82292B10C009B49FB /* LoginManagement */ = {
			isa = PBXGroup;
			children = (
				9AC477BA2292B152009B49FB /* UserLoginComponent */,
				9AC477B92292B147009B49FB /* UserInitComponent */,
			);
			path = LoginManagement;
			sourceTree = "<group>";
		};
		9AC477B92292B147009B49FB /* UserInitComponent */ = {
			isa = PBXGroup;
			children = (
				9AC477BD2292B249009B49FB /* UserInitialViewController.swift */,
				9A3801B9229F8C4C004D40AC /* pinComponent.swift */,
				9A3801BB229FD046004D40AC /* privateKeyComponent.swift */,
			);
			path = UserInitComponent;
			sourceTree = "<group>";
		};
		9AC477BA2292B152009B49FB /* UserLoginComponent */ = {
			isa = PBXGroup;
			children = (
				9AC477BB2292B1F7009B49FB /* UserLoginViewController.swift */,
				9A673D8E22A3DF6E00BFB5B2 /* keyBoardComponent.swift */,
				9A673D9022A3EDC000BFB5B2 /* passwordComponent.swift */,
			);
			path = UserLoginComponent;
			sourceTree = "<group>";
		};
		9AC477BF2292B2EA009B49FB /* NewNoteComponent */ = {
			isa = PBXGroup;
			children = (
				9AC477C02292B30D009B49FB /* NewNoteViewController.swift */,
			);
			path = NewNoteComponent;
			sourceTree = "<group>";
		};
		9AC477C22292C49B009B49FB /* Components */ = {
			isa = PBXGroup;
			children = (
				9AC477C32292C4BC009B49FB /* TextFileEditor.swift */,
				017AB292229D04F500665B1A /* APIUtils.swift */,
			);
			path = Components;
			sourceTree = "<group>";
		};
		9AC644CF2293B3C300112225 /* Database */ = {
			isa = PBXGroup;
			children = (
				9AC644D02293B3E900112225 /* DataController.swift */,
			);
			path = Database;
			sourceTree = "<group>";
		};
		9ADE2E23228F8EE60016291B = {
			isa = PBXGroup;
			children = (
				9ADE2E2E228F8EE60016291B /* blogchain */,
				9ADE2E2D228F8EE60016291B /* Products */,
				B0313DC59C11C58F1061A2A5 /* Pods */,
				59FB1C4C78ED7BA6AEB0ECB5 /* Frameworks */,
			);
			sourceTree = "<group>";
		};
		9ADE2E2D228F8EE60016291B /* Products */ = {
			isa = PBXGroup;
			children = (
				9ADE2E2C228F8EE60016291B /* blogchain.app */,
			);
			name = Products;
			sourceTree = "<group>";
		};
		9ADE2E2E228F8EE60016291B /* blogchain */ = {
			isa = PBXGroup;
			children = (
				017AB28D229D03A600665B1A /* Models */,
				9AC644CF2293B3C300112225 /* Database */,
				9AC477C22292C49B009B49FB /* Components */,
				9AC477BF2292B2EA009B49FB /* NewNoteComponent */,
				9AC477B32292AAD6009B49FB /* ChainComponent */,
				9AC477B22292AAC1009B49FB /* NoteComponent */,
				9AC477B12292AA9D009B49FB /* UserComponent */,
				9ADE2E2F228F8EE60016291B /* AppDelegate.swift */,
				9ADE2E33228F8EE60016291B /* Main.storyboard */,
				9ADE2E39228F8EE70016291B /* Assets.xcassets */,
				9ADE2E3B228F8EE70016291B /* LaunchScreen.storyboard */,
				9ADE2E3E228F8EE70016291B /* Info.plist */,
				9ADE2E36228F8EE60016291B /* blogchain.xcdatamodeld */,
				9AC644CD2293B2AF00112225 /* Config.swift */,
			);
			path = blogchain;
			sourceTree = "<group>";
		};
		B0313DC59C11C58F1061A2A5 /* Pods */ = {
			isa = PBXGroup;
			children = (
				7B871237B0E2D6FA285A442D /* Pods-blogchain.debug.xcconfig */,
				C1DC367B356BB217F20D96B0 /* Pods-blogchain.release.xcconfig */,
			);
			path = Pods;
			sourceTree = "<group>";
		};
/* End PBXGroup section */

/* Begin PBXNativeTarget section */
		9ADE2E2B228F8EE60016291B /* blogchain */ = {
			isa = PBXNativeTarget;
			buildConfigurationList = 9ADE2E41228F8EE70016291B /* Build configuration list for PBXNativeTarget "blogchain" */;
			buildPhases = (
				724690A099B0115888E3E259 /* [CP] Check Pods Manifest.lock */,
				9ADE2E28228F8EE60016291B /* Sources */,
				9ADE2E29228F8EE60016291B /* Frameworks */,
				9ADE2E2A228F8EE60016291B /* Resources */,
				B0043B04659E68E1AC39D45A /* [CP] Embed Pods Frameworks */,
			);
			buildRules = (
			);
			dependencies = (
			);
			name = blogchain;
			productName = blogchain;
			productReference = 9ADE2E2C228F8EE60016291B /* blogchain.app */;
			productType = "com.apple.product-type.application";
		};
/* End PBXNativeTarget section */

/* Begin PBXProject section */
		9ADE2E24228F8EE60016291B /* Project object */ = {
			isa = PBXProject;
			attributes = {
				LastSwiftUpdateCheck = 1020;
				LastUpgradeCheck = 1020;
				ORGANIZATIONNAME = "uts-ios-2019-project3-129";
				TargetAttributes = {
					9ADE2E2B228F8EE60016291B = {
						CreatedOnToolsVersion = 10.2.1;
					};
				};
			};
			buildConfigurationList = 9ADE2E27228F8EE60016291B /* Build configuration list for PBXProject "blogchain" */;
			compatibilityVersion = "Xcode 9.3";
			developmentRegion = en;
			hasScannedForEncodings = 0;
			knownRegions = (
				en,
				Base,
			);
			mainGroup = 9ADE2E23228F8EE60016291B;
			productRefGroup = 9ADE2E2D228F8EE60016291B /* Products */;
			projectDirPath = "";
			projectRoot = "";
			targets = (
				9ADE2E2B228F8EE60016291B /* blogchain */,
			);
		};
/* End PBXProject section */

/* Begin PBXResourcesBuildPhase section */
		9ADE2E2A228F8EE60016291B /* Resources */ = {
			isa = PBXResourcesBuildPhase;
			buildActionMask = 2147483647;
			files = (
				9ADE2E3D228F8EE70016291B /* LaunchScreen.storyboard in Resources */,
				9ADE2E3A228F8EE70016291B /* Assets.xcassets in Resources */,
				9ADE2E35228F8EE60016291B /* Main.storyboard in Resources */,
			);
			runOnlyForDeploymentPostprocessing = 0;
		};
/* End PBXResourcesBuildPhase section */

/* Begin PBXShellScriptBuildPhase section */
		724690A099B0115888E3E259 /* [CP] Check Pods Manifest.lock */ = {
			isa = PBXShellScriptBuildPhase;
			buildActionMask = 2147483647;
			files = (
			);
			inputFileListPaths = (
			);
			inputPaths = (
				"${PODS_PODFILE_DIR_PATH}/Podfile.lock",
				"${PODS_ROOT}/Manifest.lock",
			);
			name = "[CP] Check Pods Manifest.lock";
			outputFileListPaths = (
			);
			outputPaths = (
				"$(DERIVED_FILE_DIR)/Pods-blogchain-checkManifestLockResult.txt",
			);
			runOnlyForDeploymentPostprocessing = 0;
			shellPath = /bin/sh;
			shellScript = "diff \"${PODS_PODFILE_DIR_PATH}/Podfile.lock\" \"${PODS_ROOT}/Manifest.lock\" > /dev/null\nif [ $? != 0 ] ; then\n    # print error to STDERR\n    echo \"error: The sandbox is not in sync with the Podfile.lock. Run 'pod install' or update your CocoaPods installation.\" >&2\n    exit 1\nfi\n# This output is used by Xcode 'outputs' to avoid re-running this script phase.\necho \"SUCCESS\" > \"${SCRIPT_OUTPUT_FILE_0}\"\n";
			showEnvVarsInLog = 0;
		};
		B0043B04659E68E1AC39D45A /* [CP] Embed Pods Frameworks */ = {
			isa = PBXShellScriptBuildPhase;
			buildActionMask = 2147483647;
			files = (
			);
			inputFileListPaths = (
				"${PODS_ROOT}/Target Support Files/Pods-blogchain/Pods-blogchain-frameworks-${CONFIGURATION}-input-files.xcfilelist",
			);
			inputPaths = (
				"${PODS_ROOT}/Target Support Files/Pods-blogchain/Pods-blogchain-frameworks.sh",
				"${BUILT_PRODUCTS_DIR}/Alamofire/Alamofire.framework",
				"${BUILT_PRODUCTS_DIR}/CodableFirebase/CodableFirebase.framework",
				"${BUILT_PRODUCTS_DIR}/Notepad/Notepad.framework",
				"${BUILT_PRODUCTS_DIR}/SnapKit/SnapKit.framework",
			);
			name = "[CP] Embed Pods Frameworks";
			outputFileListPaths = (
				"${PODS_ROOT}/Target Support Files/Pods-blogchain/Pods-blogchain-frameworks-${CONFIGURATION}-output-files.xcfilelist",
			);
			outputPaths = (
				"${TARGET_BUILD_DIR}/${FRAMEWORKS_FOLDER_PATH}/Alamofire.framework",
				"${TARGET_BUILD_DIR}/${FRAMEWORKS_FOLDER_PATH}/CodableFirebase.framework",
				"${TARGET_BUILD_DIR}/${FRAMEWORKS_FOLDER_PATH}/Notepad.framework",
				"${TARGET_BUILD_DIR}/${FRAMEWORKS_FOLDER_PATH}/SnapKit.framework",
			);
			runOnlyForDeploymentPostprocessing = 0;
			shellPath = /bin/sh;
			shellScript = "\"${PODS_ROOT}/Target Support Files/Pods-blogchain/Pods-blogchain-frameworks.sh\"\n";
			showEnvVarsInLog = 0;
		};
/* End PBXShellScriptBuildPhase section */

/* Begin PBXSourcesBuildPhase section */
		9ADE2E28228F8EE60016291B /* Sources */ = {
			isa = PBXSourcesBuildPhase;
			buildActionMask = 2147483647;
			files = (
				9AC477BE2292B249009B49FB /* UserInitialViewController.swift in Sources */,
				017AB28F229D03E400665B1A /* Block.swift in Sources */,
				9AC477B52292AD7F009B49FB /* NoteRootViewController.swift in Sources */,
				9A3801BC229FD046004D40AC /* privateKeyComponent.swift in Sources */,
				9ADE2E38228F8EE60016291B /* blogchain.xcdatamodeld in Sources */,
				9A673D8F22A3DF6E00BFB5B2 /* keyBoardComponent.swift in Sources */,
				9A2407FE229B74EF00EBAA3E /* keyChainExtension.swift in Sources */,
				9A673D9122A3EDC000BFB5B2 /* passwordComponent.swift in Sources */,
				9A6246922293C59F001A7A78 /* NoteRootTableViewCell.swift in Sources */,
				9AEBC58722940036000BF266 /* NoteDetailedViewController.swift in Sources */,
				9A3801BA229F8C4C004D40AC /* pinComponent.swift in Sources */,
				9AC477BC2292B1F7009B49FB /* UserLoginViewController.swift in Sources */,
				017AB295229D0AFD00665B1A /* Blockchain.swift in Sources */,
				017AB293229D04F500665B1A /* APIUtils.swift in Sources */,
				9AC477B72292ADD4009B49FB /* ChainRootViewController.swift in Sources */,
				9AC477C42292C4BC009B49FB /* TextFileEditor.swift in Sources */,
				9AC477C12292B30D009B49FB /* NewNoteViewController.swift in Sources */,
				9AC644CE2293B2AF00112225 /* Config.swift in Sources */,
				9ADE2E32228F8EE60016291B /* UserRootViewController.swift in Sources */,
				9ADE2E30228F8EE60016291B /* AppDelegate.swift in Sources */,
				9A3801B8229D22D7004D40AC /* hashExtension.swift in Sources */,
				9AC644D12293B3E900112225 /* DataController.swift in Sources */,
				017AB291229D045600665B1A /* Transaction.swift in Sources */,
				017AB297229D0B5600665B1A /* BlockchainNode.swift in Sources */,
			);
			runOnlyForDeploymentPostprocessing = 0;
		};
/* End PBXSourcesBuildPhase section */

/* Begin PBXVariantGroup section */
		9ADE2E33228F8EE60016291B /* Main.storyboard */ = {
			isa = PBXVariantGroup;
			children = (
				9ADE2E34228F8EE60016291B /* Base */,
			);
			name = Main.storyboard;
			sourceTree = "<group>";
		};
		9ADE2E3B228F8EE70016291B /* LaunchScreen.storyboard */ = {
			isa = PBXVariantGroup;
			children = (
				9ADE2E3C228F8EE70016291B /* Base */,
			);
			name = LaunchScreen.storyboard;
			sourceTree = "<group>";
		};
/* End PBXVariantGroup section */

/* Begin XCBuildConfiguration section */
		9ADE2E3F228F8EE70016291B /* Debug */ = {
			isa = XCBuildConfiguration;
			buildSettings = {
				ALWAYS_SEARCH_USER_PATHS = NO;
				CLANG_ANALYZER_NONNULL = YES;
				CLANG_ANALYZER_NUMBER_OBJECT_CONVERSION = YES_AGGRESSIVE;
				CLANG_CXX_LANGUAGE_STANDARD = "gnu++14";
				CLANG_CXX_LIBRARY = "libc++";
				CLANG_ENABLE_MODULES = YES;
				CLANG_ENABLE_OBJC_ARC = YES;
				CLANG_ENABLE_OBJC_WEAK = YES;
				CLANG_WARN_BLOCK_CAPTURE_AUTORELEASING = YES;
				CLANG_WARN_BOOL_CONVERSION = YES;
				CLANG_WARN_COMMA = YES;
				CLANG_WARN_CONSTANT_CONVERSION = YES;
				CLANG_WARN_DEPRECATED_OBJC_IMPLEMENTATIONS = YES;
				CLANG_WARN_DIRECT_OBJC_ISA_USAGE = YES_ERROR;
				CLANG_WARN_DOCUMENTATION_COMMENTS = YES;
				CLANG_WARN_EMPTY_BODY = YES;
				CLANG_WARN_ENUM_CONVERSION = YES;
				CLANG_WARN_INFINITE_RECURSION = YES;
				CLANG_WARN_INT_CONVERSION = YES;
				CLANG_WARN_NON_LITERAL_NULL_CONVERSION = YES;
				CLANG_WARN_OBJC_IMPLICIT_RETAIN_SELF = YES;
				CLANG_WARN_OBJC_LITERAL_CONVERSION = YES;
				CLANG_WARN_OBJC_ROOT_CLASS = YES_ERROR;
				CLANG_WARN_RANGE_LOOP_ANALYSIS = YES;
				CLANG_WARN_STRICT_PROTOTYPES = YES;
				CLANG_WARN_SUSPICIOUS_MOVE = YES;
				CLANG_WARN_UNGUARDED_AVAILABILITY = YES_AGGRESSIVE;
				CLANG_WARN_UNREACHABLE_CODE = YES;
				CLANG_WARN__DUPLICATE_METHOD_MATCH = YES;
				CODE_SIGN_IDENTITY = "iPhone Developer";
				COPY_PHASE_STRIP = NO;
				DEBUG_INFORMATION_FORMAT = dwarf;
				ENABLE_STRICT_OBJC_MSGSEND = YES;
				ENABLE_TESTABILITY = YES;
				GCC_C_LANGUAGE_STANDARD = gnu11;
				GCC_DYNAMIC_NO_PIC = NO;
				GCC_NO_COMMON_BLOCKS = YES;
				GCC_OPTIMIZATION_LEVEL = 0;
				GCC_PREPROCESSOR_DEFINITIONS = (
					"DEBUG=1",
					"$(inherited)",
				);
				GCC_WARN_64_TO_32_BIT_CONVERSION = YES;
				GCC_WARN_ABOUT_RETURN_TYPE = YES_ERROR;
				GCC_WARN_UNDECLARED_SELECTOR = YES;
				GCC_WARN_UNINITIALIZED_AUTOS = YES_AGGRESSIVE;
				GCC_WARN_UNUSED_FUNCTION = YES;
				GCC_WARN_UNUSED_VARIABLE = YES;
				IPHONEOS_DEPLOYMENT_TARGET = 12.2;
				MTL_ENABLE_DEBUG_INFO = INCLUDE_SOURCE;
				MTL_FAST_MATH = YES;
				ONLY_ACTIVE_ARCH = YES;
				SDKROOT = iphoneos;
				SWIFT_ACTIVE_COMPILATION_CONDITIONS = DEBUG;
				SWIFT_OPTIMIZATION_LEVEL = "-Onone";
			};
			name = Debug;
		};
		9ADE2E40228F8EE70016291B /* Release */ = {
			isa = XCBuildConfiguration;
			buildSettings = {
				ALWAYS_SEARCH_USER_PATHS = NO;
				CLANG_ANALYZER_NONNULL = YES;
				CLANG_ANALYZER_NUMBER_OBJECT_CONVERSION = YES_AGGRESSIVE;
				CLANG_CXX_LANGUAGE_STANDARD = "gnu++14";
				CLANG_CXX_LIBRARY = "libc++";
				CLANG_ENABLE_MODULES = YES;
				CLANG_ENABLE_OBJC_ARC = YES;
				CLANG_ENABLE_OBJC_WEAK = YES;
				CLANG_WARN_BLOCK_CAPTURE_AUTORELEASING = YES;
				CLANG_WARN_BOOL_CONVERSION = YES;
				CLANG_WARN_COMMA = YES;
				CLANG_WARN_CONSTANT_CONVERSION = YES;
				CLANG_WARN_DEPRECATED_OBJC_IMPLEMENTATIONS = YES;
				CLANG_WARN_DIRECT_OBJC_ISA_USAGE = YES_ERROR;
				CLANG_WARN_DOCUMENTATION_COMMENTS = YES;
				CLANG_WARN_EMPTY_BODY = YES;
				CLANG_WARN_ENUM_CONVERSION = YES;
				CLANG_WARN_INFINITE_RECURSION = YES;
				CLANG_WARN_INT_CONVERSION = YES;
				CLANG_WARN_NON_LITERAL_NULL_CONVERSION = YES;
				CLANG_WARN_OBJC_IMPLICIT_RETAIN_SELF = YES;
				CLANG_WARN_OBJC_LITERAL_CONVERSION = YES;
				CLANG_WARN_OBJC_ROOT_CLASS = YES_ERROR;
				CLANG_WARN_RANGE_LOOP_ANALYSIS = YES;
				CLANG_WARN_STRICT_PROTOTYPES = YES;
				CLANG_WARN_SUSPICIOUS_MOVE = YES;
				CLANG_WARN_UNGUARDED_AVAILABILITY = YES_AGGRESSIVE;
				CLANG_WARN_UNREACHABLE_CODE = YES;
				CLANG_WARN__DUPLICATE_METHOD_MATCH = YES;
				CODE_SIGN_IDENTITY = "iPhone Developer";
				COPY_PHASE_STRIP = NO;
				DEBUG_INFORMATION_FORMAT = "dwarf-with-dsym";
				ENABLE_NS_ASSERTIONS = NO;
				ENABLE_STRICT_OBJC_MSGSEND = YES;
				GCC_C_LANGUAGE_STANDARD = gnu11;
				GCC_NO_COMMON_BLOCKS = YES;
				GCC_WARN_64_TO_32_BIT_CONVERSION = YES;
				GCC_WARN_ABOUT_RETURN_TYPE = YES_ERROR;
				GCC_WARN_UNDECLARED_SELECTOR = YES;
				GCC_WARN_UNINITIALIZED_AUTOS = YES_AGGRESSIVE;
				GCC_WARN_UNUSED_FUNCTION = YES;
				GCC_WARN_UNUSED_VARIABLE = YES;
				IPHONEOS_DEPLOYMENT_TARGET = 12.2;
				MTL_ENABLE_DEBUG_INFO = NO;
				MTL_FAST_MATH = YES;
				SDKROOT = iphoneos;
				SWIFT_COMPILATION_MODE = wholemodule;
				SWIFT_OPTIMIZATION_LEVEL = "-O";
				VALIDATE_PRODUCT = YES;
			};
			name = Release;
		};
		9ADE2E42228F8EE70016291B /* Debug */ = {
			isa = XCBuildConfiguration;
			baseConfigurationReference = 7B871237B0E2D6FA285A442D /* Pods-blogchain.debug.xcconfig */;
			buildSettings = {
				ASSETCATALOG_COMPILER_APPICON_NAME = AppIcon;
				CODE_SIGN_STYLE = Automatic;
				DEVELOPMENT_TEAM = UV67N4RL5B;
				INFOPLIST_FILE = blogchain/Info.plist;
				LD_RUNPATH_SEARCH_PATHS = (
					"$(inherited)",
					"@executable_path/Frameworks",
				);
				PRODUCT_BUNDLE_IDENTIFIER = "uts-ios-2019-project3-129.blogchain";
				PRODUCT_NAME = "$(TARGET_NAME)";
				SWIFT_VERSION = 5.0;
				TARGETED_DEVICE_FAMILY = "1,2";
			};
			name = Debug;
		};
		9ADE2E43228F8EE70016291B /* Release */ = {
			isa = XCBuildConfiguration;
			baseConfigurationReference = C1DC367B356BB217F20D96B0 /* Pods-blogchain.release.xcconfig */;
			buildSettings = {
				ASSETCATALOG_COMPILER_APPICON_NAME = AppIcon;
				CODE_SIGN_STYLE = Automatic;
				DEVELOPMENT_TEAM = UV67N4RL5B;
				INFOPLIST_FILE = blogchain/Info.plist;
				LD_RUNPATH_SEARCH_PATHS = (
					"$(inherited)",
					"@executable_path/Frameworks",
				);
				PRODUCT_BUNDLE_IDENTIFIER = "uts-ios-2019-project3-129.blogchain";
				PRODUCT_NAME = "$(TARGET_NAME)";
				SWIFT_VERSION = 5.0;
				TARGETED_DEVICE_FAMILY = "1,2";
			};
			name = Release;
		};
/* End XCBuildConfiguration section */

/* Begin XCConfigurationList section */
		9ADE2E27228F8EE60016291B /* Build configuration list for PBXProject "blogchain" */ = {
			isa = XCConfigurationList;
			buildConfigurations = (
				9ADE2E3F228F8EE70016291B /* Debug */,
				9ADE2E40228F8EE70016291B /* Release */,
			);
			defaultConfigurationIsVisible = 0;
			defaultConfigurationName = Release;
		};
		9ADE2E41228F8EE70016291B /* Build configuration list for PBXNativeTarget "blogchain" */ = {
			isa = XCConfigurationList;
			buildConfigurations = (
				9ADE2E42228F8EE70016291B /* Debug */,
				9ADE2E43228F8EE70016291B /* Release */,
			);
			defaultConfigurationIsVisible = 0;
			defaultConfigurationName = Release;
		};
/* End XCConfigurationList section */

/* Begin XCVersionGroup section */
		9ADE2E36228F8EE60016291B /* blogchain.xcdatamodeld */ = {
			isa = XCVersionGroup;
			children = (
				9ADE2E37228F8EE60016291B /* blogchain.xcdatamodel */,
			);
			currentVersion = 9ADE2E37228F8EE60016291B /* blogchain.xcdatamodel */;
			path = blogchain.xcdatamodeld;
			sourceTree = "<group>";
			versionGroupType = wrapper.xcdatamodel;
		};
/* End XCVersionGroup section */
	};
	rootObject = 9ADE2E24228F8EE60016291B /* Project object */;
}
